# This file is automatically @generated by Cargo.
# It is not intended for manual editing.
version = 4

[[package]]
name = "bench"
version = "0.1.0"
dependencies = [
 "crossbeam-channel",
 "crossbeam-utils",
]

[[package]]
name = "crossbeam-channel"
version = "0.5.16"
source = "registry+https://github.com/rust-lang/crates.io-index"
checksum = "d85363c37faeca707aef026efa9f3b34d077bce547e48f770770625c6013679e"
dependencies = [
 "crossbeam-utils",
]

[[package]]
name = "crossbeam-utils"
version = "0.8.22"
source = "registry+https://github.com/rust-lang/crates.io-index"
checksum = "61803da095bee82a81bb1a452ecc25d3b2f1416d1897eb86430c6159ef717c17"
