version = 1
revision = 3
requires-python = ">=3.12"

[[package]]
name = "anyio"
version = "4.11.0"
source = { registry = "https://pypi.org/simple" }
dependencies = [
    { name = "idna" },
    { name = "sniffio" },
    { name = "typing-extensions", marker = "python_full_version < '3.13'" },
]
sdist = { url = "https://files.pythonhosted.org/packages/c6/78/7d432127c41b50bccba979505f272c16cbcadcc33645d5fa3a738110ae75/anyio-4.11.0.tar.gz", hash = "sha256:82a8d0b81e318cc5ce71a5f1f8b5c4e63619620b63141ef8c995fa0db95a57c4", size = 219094, upload-time = "2025-09-23T09:19:12.58Z" }
wheels = [
    { url = "https://files.pythonhosted.org/packages/15/b3/9b1a8074496371342ec1e796a96f99c82c945a339cd81a8e73de28b4cf9e/anyio-4.11.0-py3-none-any.whl", hash = "sha256:0287e96f4d26d4149305414d4e3bc32f0dcd0862365a4bddea19d7a1ec38c4fc", size = 109097, upload-time = "2025-09-23T09:19:10.601Z" },
]

[[package]]
name = "certifi"
version = "2025.10.5"
source = { registry = "https://pypi.org/simple" }
sdist = { url = "https://files.pythonhosted.org/packages/4c/5b/b6ce21586237c77ce67d01dc5507039d444b630dd76611bbca2d8e5dcd91/certifi-2025.10.5.tar.gz", hash = "sha256:47c09d31ccf2acf0be3f701ea53595ee7e0b8fa08801c6624be771df09ae7b43", size = 164519, upload-time = "2025-10-05T04:12:15.808Z" }
wheels = [
    { url = "https://files.pythonhosted.org/packages/e4/37/af0d2ef3967ac0d6113837b44a4f0bfe1328c2b9763bd5b1744520e5cfed/certifi-2025.10.5-py3-none-any.whl", hash = "sha256:0f212c2744a9bb6de0c56639a6f68afe01ecd92d91f14ae897c4fe7bbeeef0de", size = 163286, upload-time = "2025-10-05T04:12:14.03Z" },
]

[[package]]
name = "confluent-kafka"
version = "2.12.1"
source = { registry = "https://pypi.org/simple" }
sdist = { url = "https://files.pythonhosted.org/packages/d5/d6/10799cbc9ad757170eb466eaadfaf2abde1d832b6d67d7ff040179888272/confluent_kafka-2.12.1.tar.gz", hash = "sha256:cfc4ceeb3071a678f7c93cfe1e76216442e1621ee6192584cdf704db1d619894", size = 250074, upload-time = "2025-11-04T19:03:31.969Z" }
wheels = [
    { url = "https://files.pythonhosted.org/packages/da/a7/bbce88f7d347d706ce8140bdb625467465f2cace54ad57457ffbc66f2e82/confluent_kafka-2.12.1-cp312-cp312-macosx_10_9_x86_64.whl", hash = "sha256:197b1222535a2f9c8b32cd294e9e01af919bc315264015ba6bb1f18dabb638c4", size = 3598616, upload-time = "2025-10-21T20:50:26.555Z" },
    { url = "https://files.pythonhosted.org/packages/e0/cb/f588c1e6a4be51c3cb932eb5f58a4545b5ad2555106e19a073b6f30d400c/confluent_kafka-2.12.1-cp312-cp312-macosx_11_0_arm64.whl", hash = "sha256:0c0d6d3c0bd96d2923ac0a6e74df6d86763cba881383bc882972de1bdd48a57a", size = 3157975, upload-time = "2025-10-21T20:50:29.177Z" },
    { url = "https://files.pythonhosted.org/packages/5e/48/6a7ab7968f601cd074e679523ca78ccb3ee4e35ced1f7f737bc2adb3f309/confluent_kafka-2.12.1-cp312-cp312-manylinux_2_28_aarch64.whl", hash = "sha256:d028bb2cffba425fd204435a1153466b7693e81c874bf9cdfc8147cb0aa285c7", size = 3695681, upload-time = "2025-10-21T20:50:34.376Z" },
    { url = "https://files.pythonhosted.org/packages/b4/9b/f9a02935d136df317e7d7628d58cd44ce43e6efcaab38b17233eeb37ddd7/confluent_kafka-2.12.1-cp312-cp312-manylinux_2_28_x86_64.whl", hash = "sha256:aa06b7ec20b2b168c6ba20b32a90c9f87f08c9017a125373c3217f2aa011a504", size = 3947299, upload-time = "2025-10-21T20:50:36.691Z" },
    { url = "https://files.pythonhosted.org/packages/8c/a2/871cdb1ee19312b2a09702f30af07462a5c6a1a6adea8055f93cc6525971/confluent_kafka-2.12.1-cp312-cp312-win_amd64.whl", hash = "sha256:6209fe4daed05d7ca578e99ac8f1e8c5bc3aa434e8183814c3b103bc10ed1c71", size = 4068259, upload-time = "2025-10-21T20:50:39.337Z" },
    { url = "https://files.pythonhosted.org/packages/2d/31/5221c9261903430e23b30c8f8776d00db881d4df12580855febd4f60a766/confluent_kafka-2.12.1-cp313-cp313-macosx_13_0_arm64.whl", hash = "sha256:9620a7327d7259549a696272b91cc95689a26e5c770f5352c1fb5c1017f28dfc", size = 3163059, upload-time = "2025-10-21T20:50:41.405Z" },
    { url = "https://files.pythonhosted.org/packages/ab/e0/c9f4a3f2b6d0a8da8ec24125874e012523176e23192bd2bb439b0ff7adea/confluent_kafka-2.12.1-cp313-cp313-macosx_13_0_x86_64.whl", hash = "sha256:0e8e434ed453c9c5eb5d2d236b085b6dff91b39efb2ca962bf63581a9bb2f7a2", size = 3602334, upload-time = "2025-10-21T20:50:44.744Z" },
    { url = "https://files.pythonhosted.org/packages/bb/df/534e39ee496e17907bc19e0fda97ff65cd4a56a1379988602ad7339347e8/confluent_kafka-2.12.1-cp313-cp313-manylinux_2_28_aarch64.whl", hash = "sha256:23716c2f8f05815d1ce7a0caf2aa98bf71b7c73265295080d58882a091acddce", size = 3696062, upload-time = "2025-10-21T20:50:47.214Z" },
    { url = "https://files.pythonhosted.org/packages/ba/11/2bfdde02bd9139aec6d0d3961a06b84c50dfbaec46bf09402c5a5c710884/confluent_kafka-2.12.1-cp313-cp313-manylinux_2_28_x86_64.whl", hash = "sha256:537346d05271f6966a2559011d433632178367711d71e3c79d32246ac09c775e", size = 3947699, upload-time = "2025-10-21T20:50:49.878Z" },
    { url = "https://files.pythonhosted.org/packages/31/81/686be6b4a176f5299d1b02fe26a16071c1efc8043431e78402ae7c7f07b3/confluent_kafka-2.12.1-cp313-cp313-win_amd64.whl", hash = "sha256:4391dd12f2bd56ab2d075bce4b91982b7a2684abf9f12ab4bc4227edefda7c19", size = 4127934, upload-time = "2025-10-21T20:50:53.367Z" },
    { url = "https://files.pythonhosted.org/packages/03/5c/af272d90e0f75f5516087df97cd1e2e04673df2245c0e43754e0ec5cde48/confluent_kafka-2.12.1-cp314-cp314-macosx_13_0_arm64.whl", hash = "sha256:8c708d3f774217871a3959443606b28a667587ed783b70c3c01f057a38eaeedb", size = 3162878, upload-time = "2025-10-21T20:50:55.867Z" },
    { url = "https://files.pythonhosted.org/packages/8d/cf/768d89e471572f348bf94802b2381b64fc7105315d76be1a611bb6f1d62b/confluent_kafka-2.12.1-cp314-cp314-macosx_13_0_x86_64.whl", hash = "sha256:e26739ed8d19c7def3dde37fec621373cf15682a1a80b37add51ae435ee19d5f", size = 3602141, upload-time = "2025-10-21T20:50:59.011Z" },
    { url = "https://files.pythonhosted.org/packages/71/a1/8ad5e17883bcc07022e40859f76e7bc595524ebbf1fc71b9d54e148e9806/confluent_kafka-2.12.1-cp314-cp314-manylinux_2_28_aarch64.whl", hash = "sha256:1460e51e72a03cafc10cebd52d25b84cc494983e1f51c46ccd043f46fab6f1d5", size = 3695891, upload-time = "2025-10-21T20:51:01.738Z" },
    { url = "https://files.pythonhosted.org/packages/0f/2d/a8077855fd282eed2d29faef6522d96937ea64aa789ad79c3d0fbf3d95c1/confluent_kafka-2.12.1-cp314-cp314-manylinux_2_28_x86_64.whl", hash = "sha256:77e1013062934294a374ef4f694179e0365e36317b4f8d3f84b009e4136cdc2f", size = 3947450, upload-time = "2025-10-21T20:51:04.653Z" },
    { url = "https://files.pythonhosted.org/packages/8f/40/fdc769717baa73e8aad16c2d2b523d1a702b1dc8e9cfc243dbfe9d3a152e/confluent_kafka-2.12.1-cp314-cp314-win_amd64.whl", hash = "sha256:0b9c1bc62e97123c969c8ec3f3623ad1ac85f3c1953da7b3b288cb759b3e21aa", size = 4245354, upload-time = "2025-10-21T20:51:07.303Z" },
    { url = "https://files.pythonhosted.org/packages/7f/e8/db65e7e9b5bf45f97fefa7c78039826ed3c6d32c02e599ee913f8cede480/confluent_kafka-2.12.1-cp314-cp314t-macosx_13_0_arm64.whl", hash = "sha256:b711de5a45eb8e54b4c1cb5bf841b969e53e680e971514003b210f0e544f96d9", size = 3161515, upload-time = "2025-10-21T20:51:09.893Z" },
    { url = "https://files.pythonhosted.org/packages/64/ba/63526ae0c56b95892b73f66a81b2aae9af417c642b0818ec9e4e7e944223/confluent_kafka-2.12.1-cp314-cp314t-macosx_13_0_x86_64.whl", hash = "sha256:2672953ac47d80b6f5de9f4c182766a7cd26615afb0aaa1b8b00f4a7cfc62943", size = 3600003, upload-time = "2025-10-21T20:51:12.785Z" },
    { url = "https://files.pythonhosted.org/packages/a6/1e/19b6eb0927d853d7149b97f88e7a4585f3a4d06cf6d8b575e8a80fcffce2/confluent_kafka-2.12.1-cp314-cp314t-manylinux_2_28_aarch64.whl", hash = "sha256:43db6424ac66ff88bbe6ba1a686196d1f6bd79aa54d5611f1f0473bf5be47efa", size = 3694769, upload-time = "2025-10-21T20:51:15.43Z" },
    { url = "https://files.pythonhosted.org/packages/33/19/3452a5417ca856d37d6cf9b063764c4e11ce4dcec412c28cb12336ffd3aa/confluent_kafka-2.12.1-cp314-cp314t-manylinux_2_28_x86_64.whl", hash = "sha256:7e58b64832b31e8a91ae933c1c8d44de41d80b4352507b79b7c67d908845a6b3", size = 3946110, upload-time = "2025-10-21T20:51:18.233Z" },
]

[[package]]
name = "fire"
version = "0.7.1"
source = { registry = "https://pypi.org/simple" }
dependencies = [
    { name = "termcolor" },
]
sdist = { url = "https://files.pythonhosted.org/packages/c0/00/f8d10588d2019d6d6452653def1ee807353b21983db48550318424b5ff18/fire-0.7.1.tar.gz", hash = "sha256:3b208f05c736de98fb343310d090dcc4d8c78b2a89ea4f32b837c586270a9cbf", size = 88720, upload-time = "2025-08-16T20:20:24.175Z" }
wheels = [
    { url = "https://files.pythonhosted.org/packages/e5/4c/93d0f85318da65923e4b91c1c2ff03d8a458cbefebe3bc612a6693c7906d/fire-0.7.1-py3-none-any.whl", hash = "sha256:e43fd8a5033a9001e7e2973bab96070694b9f12f2e0ecf96d4683971b5ab1882", size = 115945, upload-time = "2025-08-16T20:20:22.87Z" },
]

[[package]]
name = "h11"
version = "0.16.0"
source = { registry = "https://pypi.org/simple" }
sdist = { url = "https://files.pythonhosted.org/packages/01/ee/02a2c011bdab74c6fb3c75474d40b3052059d95df7e73351460c8588d963/h11-0.16.0.tar.gz", hash = "sha256:4e35b956cf45792e4caa5885e69fba00bdbc6ffafbfa020300e549b208ee5ff1", size = 101250, upload-time = "2025-04-24T03:35:25.427Z" }
wheels = [
    { url = "https://files.pythonhosted.org/packages/04/4b/29cac41a4d98d144bf5f6d33995617b185d14b22401f75ca86f384e87ff1/h11-0.16.0-py3-none-any.whl", hash = "sha256:63cf8bbe7522de3bf65932fda1d9c2772064ffb3dae62d55932da54b31cb6c86", size = 37515, upload-time = "2025-04-24T03:35:24.344Z" },
]

[[package]]
name = "httpcore"
version = "1.0.9"
source = { registry = "https://pypi.org/simple" }
dependencies = [
    { name = "certifi" },
    { name = "h11" },
]
sdist = { url = "https://files.pythonhosted.org/packages/06/94/82699a10bca87a5556c9c59b5963f2d039dbd239f25bc2a63907a05a14cb/httpcore-1.0.9.tar.gz", hash = "sha256:6e34463af53fd2ab5d807f399a9b45ea31c3dfa2276f15a2c3f00afff6e176e8", size = 85484, upload-time = "2025-04-24T22:06:22.219Z" }
wheels = [
    { url = "https://files.pythonhosted.org/packages/7e/f5/f66802a942d491edb555dd61e3a9961140fd64c90bce1eafd741609d334d/httpcore-1.0.9-py3-none-any.whl", hash = "sha256:2d400746a40668fc9dec9810239072b40b4484b640a8c38fd654a024c7a1bf55", size = 78784, upload-time = "2025-04-24T22:06:20.566Z" },
]

[[package]]
name = "httpx"
version = "0.28.1"
source = { registry = "https://pypi.org/simple" }
dependencies = [
    { name = "anyio" },
    { name = "certifi" },
    { name = "httpcore" },
    { name = "idna" },
]
sdist = { url = "https://files.pythonhosted.org/packages/b1/df/48c586a5fe32a0f01324ee087459e112ebb7224f646c0b5023f5e79e9956/httpx-0.28.1.tar.gz", hash = "sha256:75e98c5f16b0f35b567856f597f06ff2270a374470a5c2392242528e3e3e42fc", size = 141406, upload-time = "2024-12-06T15:37:23.222Z" }
wheels = [
    { url = "https://files.pythonhosted.org/packages/2a/39/e50c7c3a983047577ee07d2a9e53faf5a69493943ec3f6a384bdc792deb2/httpx-0.28.1-py3-none-any.whl", hash = "sha256:d909fcccc110f8c7faf814ca82a9a4d816bc5a6dbfea25d6591d6985b8ba59ad", size = 73517, upload-time = "2024-12-06T15:37:21.509Z" },
]

[[package]]
name = "idna"
version = "3.11"
source = { registry = "https://pypi.org/simple" }
sdist = { url = "https://files.pythonhosted.org/packages/6f/6d/0703ccc57f3a7233505399edb88de3cbd678da106337b9fcde432b65ed60/idna-3.11.tar.gz", hash = "sha256:795dafcc9c04ed0c1fb032c2aa73654d8e8c5023a7df64a53f39190ada629902", size = 194582, upload-time = "2025-10-12T14:55:20.501Z" }
wheels = [
    { url = "https://files.pythonhosted.org/packages/0e/61/66938bbb5fc52dbdf84594873d5b51fb1f7c7794e9c0f5bd885f30bc507b/idna-3.11-py3-none-any.whl", hash = "sha256:771a87f49d9defaf64091e6e6fe9c18d4833f140bd19464795bc32d966ca37ea", size = 71008, upload-time = "2025-10-12T14:55:18.883Z" },
]

[[package]]
name = "orjson"
version = "3.11.4"
source = { registry = "https://pypi.org/simple" }
sdist = { url = "https://files.pythonhosted.org/packages/c6/fe/ed708782d6709cc60eb4c2d8a361a440661f74134675c72990f2c48c785f/orjson-3.11.4.tar.gz", hash = "sha256:39485f4ab4c9b30a3943cfe99e1a213c4776fb69e8abd68f66b83d5a0b0fdc6d", size = 5945188, upload-time = "2025-10-24T15:50:38.027Z" }
wheels = [
    { url = "https://files.pythonhosted.org/packages/63/51/6b556192a04595b93e277a9ff71cd0cc06c21a7df98bcce5963fa0f5e36f/orjson-3.11.4-cp312-cp312-macosx_10_15_x86_64.macosx_11_0_arm64.macosx_10_15_universal2.whl", hash = "sha256:d4371de39319d05d3f482f372720b841c841b52f5385bd99c61ed69d55d9ab50", size = 243571, upload-time = "2025-10-24T15:49:10.008Z" },
    { url = "https://files.pythonhosted.org/packages/1c/2c/2602392ddf2601d538ff11848b98621cd465d1a1ceb9db9e8043181f2f7b/orjson-3.11.4-cp312-cp312-macosx_15_0_arm64.whl", hash = "sha256:e41fd3b3cac850eaae78232f37325ed7d7436e11c471246b87b2cd294ec94853", size = 128891, upload-time = "2025-10-24T15:49:11.297Z" },
    { url = "https://files.pythonhosted.org/packages/4e/47/bf85dcf95f7a3a12bf223394a4f849430acd82633848d52def09fa3f46ad/orjson-3.11.4-cp312-cp312-manylinux_2_17_aarch64.manylinux2014_aarch64.whl", hash = "sha256:600e0e9ca042878c7fdf189cf1b028fe2c1418cc9195f6cb9824eb6ed99cb938", size = 130137, upload-time = "2025-10-24T15:49:12.544Z" },
    { url = "https://files.pythonhosted.org/packages/b4/4d/a0cb31007f3ab6f1fd2a1b17057c7c349bc2baf8921a85c0180cc7be8011/orjson-3.11.4-cp312-cp312-manylinux_2_17_armv7l.manylinux2014_armv7l.whl", hash = "sha256:7bbf9b333f1568ef5da42bc96e18bf30fd7f8d54e9ae066d711056add508e415", size = 129152, upload-time = "2025-10-24T15:49:13.754Z" },
    { url = "https://files.pythonhosted.org/packages/f7/ef/2811def7ce3d8576b19e3929fff8f8f0d44bc5eb2e0fdecb2e6e6cc6c720/orjson-3.11.4-cp312-cp312-manylinux_2_17_i686.manylinux2014_i686.whl", hash = "sha256:4806363144bb6e7297b8e95870e78d30a649fdc4e23fc84daa80c8ebd366ce44", size = 136834, upload-time = "2025-10-24T15:49:15.307Z" },
    { url = "https://files.pythonhosted.org/packages/00/d4/9aee9e54f1809cec8ed5abd9bc31e8a9631d19460e3b8470145d25140106/orjson-3.11.4-cp312-cp312-manylinux_2_17_ppc64le.manylinux2014_ppc64le.whl", hash = "sha256:ad355e8308493f527d41154e9053b86a5be892b3b359a5c6d5d95cda23601cb2", size = 137519, upload-time = "2025-10-24T15:49:16.557Z" },
    { url = "https://files.pythonhosted.org/packages/db/ea/67bfdb5465d5679e8ae8d68c11753aaf4f47e3e7264bad66dc2f2249e643/orjson-3.11.4-cp312-cp312-manylinux_2_17_s390x.manylinux2014_s390x.whl", hash = "sha256:c8a7517482667fb9f0ff1b2f16fe5829296ed7a655d04d68cd9711a4d8a4e708", size = 136749, upload-time = "2025-10-24T15:49:17.796Z" },
    { url = "https://files.pythonhosted.org/packages/01/7e/62517dddcfce6d53a39543cd74d0dccfcbdf53967017c58af68822100272/orjson-3.11.4-cp312-cp312-manylinux_2_17_x86_64.manylinux2014_x86_64.whl", hash = "sha256:97eb5942c7395a171cbfecc4ef6701fc3c403e762194683772df4c54cfbb2210", size = 136325, upload-time = "2025-10-24T15:49:19.347Z" },
    { url = "https://files.pythonhosted.org/packages/18/ae/40516739f99ab4c7ec3aaa5cc242d341fcb03a45d89edeeaabc5f69cb2cf/orjson-3.11.4-cp312-cp312-musllinux_1_2_aarch64.whl", hash = "sha256:149d95d5e018bdd822e3f38c103b1a7c91f88d38a88aada5c4e9b3a73a244241", size = 140204, upload-time = "2025-10-24T15:49:20.545Z" },
    { url = "https://files.pythonhosted.org/packages/82/18/ff5734365623a8916e3a4037fcef1cd1782bfc14cf0992afe7940c5320bf/orjson-3.11.4-cp312-cp312-musllinux_1_2_armv7l.whl", hash = "sha256:624f3951181eb46fc47dea3d221554e98784c823e7069edb5dbd0dc826ac909b", size = 406242, upload-time = "2025-10-24T15:49:21.884Z" },
    { url = "https://files.pythonhosted.org/packages/e1/43/96436041f0a0c8c8deca6a05ebeaf529bf1de04839f93ac5e7c479807aec/orjson-3.11.4-cp312-cp312-musllinux_1_2_i686.whl", hash = "sha256:03bfa548cf35e3f8b3a96c4e8e41f753c686ff3d8e182ce275b1751deddab58c", size = 150013, upload-time = "2025-10-24T15:49:23.185Z" },
    { url = "https://files.pythonhosted.org/packages/1b/48/78302d98423ed8780479a1e682b9aecb869e8404545d999d34fa486e573e/orjson-3.11.4-cp312-cp312-musllinux_1_2_x86_64.whl", hash = "sha256:525021896afef44a68148f6ed8a8bf8375553d6066c7f48537657f64823565b9", size = 139951, upload-time = "2025-10-24T15:49:24.428Z" },
    { url = "https://files.pythonhosted.org/packages/4a/7b/ad613fdcdaa812f075ec0875143c3d37f8654457d2af17703905425981bf/orjson-3.11.4-cp312-cp312-win32.whl", hash = "sha256:b58430396687ce0f7d9eeb3dd47761ca7d8fda8e9eb92b3077a7a353a75efefa", size = 136049, upload-time = "2025-10-24T15:49:25.973Z" },
    { url = "https://files.pythonhosted.org/packages/b9/3c/9cf47c3ff5f39b8350fb21ba65d789b6a1129d4cbb3033ba36c8a9023520/orjson-3.11.4-cp312-cp312-win_amd64.whl", hash = "sha256:c6dbf422894e1e3c80a177133c0dda260f81428f9de16d61041949f6a2e5c140", size = 131461, upload-time = "2025-10-24T15:49:27.259Z" },
    { url = "https://files.pythonhosted.org/packages/c6/3b/e2425f61e5825dc5b08c2a5a2b3af387eaaca22a12b9c8c01504f8614c36/orjson-3.11.4-cp312-cp312-win_arm64.whl", hash = "sha256:d38d2bc06d6415852224fcc9c0bfa834c25431e466dc319f0edd56cca81aa96e", size = 126167, upload-time = "2025-10-24T15:49:28.511Z" },
    { url = "https://files.pythonhosted.org/packages/23/15/c52aa7112006b0f3d6180386c3a46ae057f932ab3425bc6f6ac50431cca1/orjson-3.11.4-cp313-cp313-macosx_10_15_x86_64.macosx_11_0_arm64.macosx_10_15_universal2.whl", hash = "sha256:2d6737d0e616a6e053c8b4acc9eccea6b6cce078533666f32d140e4f85002534", size = 243525, upload-time = "2025-10-24T15:49:29.737Z" },
    { url = "https://files.pythonhosted.org/packages/ec/38/05340734c33b933fd114f161f25a04e651b0c7c33ab95e9416ade5cb44b8/orjson-3.11.4-cp313-cp313-macosx_15_0_arm64.whl", hash = "sha256:afb14052690aa328cc118a8e09f07c651d301a72e44920b887c519b313d892ff", size = 128871, upload-time = "2025-10-24T15:49:31.109Z" },
    { url = "https://files.pythonhosted.org/packages/55/b9/ae8d34899ff0c012039b5a7cb96a389b2476e917733294e498586b45472d/orjson-3.11.4-cp313-cp313-manylinux_2_17_aarch64.manylinux2014_aarch64.whl", hash = "sha256:38aa9e65c591febb1b0aed8da4d469eba239d434c218562df179885c94e1a3ad", size = 130055, upload-time = "2025-10-24T15:49:33.382Z" },
    { url = "https://files.pythonhosted.org/packages/33/aa/6346dd5073730451bee3681d901e3c337e7ec17342fb79659ec9794fc023/orjson-3.11.4-cp313-cp313-manylinux_2_17_armv7l.manylinux2014_armv7l.whl", hash = "sha256:f2cf4dfaf9163b0728d061bebc1e08631875c51cd30bf47cb9e3293bfbd7dcd5", size = 129061, upload-time = "2025-10-24T15:49:34.935Z" },
    { url = "https://files.pythonhosted.org/packages/39/e4/8eea51598f66a6c853c380979912d17ec510e8e66b280d968602e680b942/orjson-3.11.4-cp313-cp313-manylinux_2_17_i686.manylinux2014_i686.whl", hash = "sha256:89216ff3dfdde0e4070932e126320a1752c9d9a758d6a32ec54b3b9334991a6a", size = 136541, upload-time = "2025-10-24T15:49:36.923Z" },
    { url = "https://files.pythonhosted.org/packages/9a/47/cb8c654fa9adcc60e99580e17c32b9e633290e6239a99efa6b885aba9dbc/orjson-3.11.4-cp313-cp313-manylinux_2_17_ppc64le.manylinux2014_ppc64le.whl", hash = "sha256:9daa26ca8e97fae0ce8aa5d80606ef8f7914e9b129b6b5df9104266f764ce436", size = 137535, upload-time = "2025-10-24T15:49:38.307Z" },
    { url = "https://files.pythonhosted.org/packages/43/92/04b8cc5c2b729f3437ee013ce14a60ab3d3001465d95c184758f19362f23/orjson-3.11.4-cp313-cp313-manylinux_2_17_s390x.manylinux2014_s390x.whl", hash = "sha256:5c8b2769dc31883c44a9cd126560327767f848eb95f99c36c9932f51090bfce9", size = 136703, upload-time = "2025-10-24T15:49:40.795Z" },
    { url = "https://files.pythonhosted.org/packages/aa/fd/d0733fcb9086b8be4ebcfcda2d0312865d17d0d9884378b7cffb29d0763f/orjson-3.11.4-cp313-cp313-manylinux_2_17_x86_64.manylinux2014_x86_64.whl", hash = "sha256:1469d254b9884f984026bd9b0fa5bbab477a4bfe558bba6848086f6d43eb5e73", size = 136293, upload-time = "2025-10-24T15:49:42.347Z" },
    { url = "https://files.pythonhosted.org/packages/c2/d7/3c5514e806837c210492d72ae30ccf050ce3f940f45bf085bab272699ef4/orjson-3.11.4-cp313-cp313-musllinux_1_2_aarch64.whl", hash = "sha256:68e44722541983614e37117209a194e8c3ad07838ccb3127d96863c95ec7f1e0", size = 140131, upload-time = "2025-10-24T15:49:43.638Z" },
    { url = "https://files.pythonhosted.org/packages/9c/dd/ba9d32a53207babf65bd510ac4d0faaa818bd0df9a9c6f472fe7c254f2e3/orjson-3.11.4-cp313-cp313-musllinux_1_2_armv7l.whl", hash = "sha256:8e7805fda9672c12be2f22ae124dcd7b03928d6c197544fe12174b86553f3196", size = 406164, upload-time = "2025-10-24T15:49:45.498Z" },
    { url = "https://files.pythonhosted.org/packages/8e/f9/f68ad68f4af7c7bde57cd514eaa2c785e500477a8bc8f834838eb696a685/orjson-3.11.4-cp313-cp313-musllinux_1_2_i686.whl", hash = "sha256:04b69c14615fb4434ab867bf6f38b2d649f6f300af30a6705397e895f7aec67a", size = 149859, upload-time = "2025-10-24T15:49:46.981Z" },
    { url = "https://files.pythonhosted.org/packages/b6/d2/7f847761d0c26818395b3d6b21fb6bc2305d94612a35b0a30eae65a22728/orjson-3.11.4-cp313-cp313-musllinux_1_2_x86_64.whl", hash = "sha256:639c3735b8ae7f970066930e58cf0ed39a852d417c24acd4a25fc0b3da3c39a6", size = 139926, upload-time = "2025-10-24T15:49:48.321Z" },
    { url = "https://files.pythonhosted.org/packages/9f/37/acd14b12dc62db9a0e1d12386271b8661faae270b22492580d5258808975/orjson-3.11.4-cp313-cp313-win32.whl", hash = "sha256:6c13879c0d2964335491463302a6ca5ad98105fc5db3565499dcb80b1b4bd839", size = 136007, upload-time = "2025-10-24T15:49:49.938Z" },
    { url = "https://files.pythonhosted.org/packages/c0/a9/967be009ddf0a1fffd7a67de9c36656b28c763659ef91352acc02cbe364c/orjson-3.11.4-cp313-cp313-win_amd64.whl", hash = "sha256:09bf242a4af98732db9f9a1ec57ca2604848e16f132e3f72edfd3c5c96de009a", size = 131314, upload-time = "2025-10-24T15:49:51.248Z" },
    { url = "https://files.pythonhosted.org/packages/cb/db/399abd6950fbd94ce125cb8cd1a968def95174792e127b0642781e040ed4/orjson-3.11.4-cp313-cp313-win_arm64.whl", hash = "sha256:a85f0adf63319d6c1ba06fb0dbf997fced64a01179cf17939a6caca662bf92de", size = 126152, upload-time = "2025-10-24T15:49:52.922Z" },
    { url = "https://files.pythonhosted.org/packages/25/e3/54ff63c093cc1697e758e4fceb53164dd2661a7d1bcd522260ba09f54533/orjson-3.11.4-cp314-cp314-macosx_10_15_x86_64.macosx_11_0_arm64.macosx_10_15_universal2.whl", hash = "sha256:42d43a1f552be1a112af0b21c10a5f553983c2a0938d2bbb8ecd8bc9fb572803", size = 243501, upload-time = "2025-10-24T15:49:54.288Z" },
    { url = "https://files.pythonhosted.org/packages/ac/7d/e2d1076ed2e8e0ae9badca65bf7ef22710f93887b29eaa37f09850604e09/orjson-3.11.4-cp314-cp314-macosx_15_0_arm64.whl", hash = "sha256:26a20f3fbc6c7ff2cb8e89c4c5897762c9d88cf37330c6a117312365d6781d54", size = 128862, upload-time = "2025-10-24T15:49:55.961Z" },
    { url = "https://files.pythonhosted.org/packages/9f/37/ca2eb40b90621faddfa9517dfe96e25f5ae4d8057a7c0cdd613c17e07b2c/orjson-3.11.4-cp314-cp314-manylinux_2_17_aarch64.manylinux2014_aarch64.whl", hash = "sha256:6e3f20be9048941c7ffa8fc523ccbd17f82e24df1549d1d1fe9317712d19938e", size = 130047, upload-time = "2025-10-24T15:49:57.406Z" },
    { url = "https://files.pythonhosted.org/packages/c7/62/1021ed35a1f2bad9040f05fa4cc4f9893410df0ba3eaa323ccf899b1c90a/orjson-3.11.4-cp314-cp314-manylinux_2_17_armv7l.manylinux2014_armv7l.whl", hash = "sha256:aac364c758dc87a52e68e349924d7e4ded348dedff553889e4d9f22f74785316", size = 129073, upload-time = "2025-10-24T15:49:58.782Z" },
    { url = "https://files.pythonhosted.org/packages/e8/3f/f84d966ec2a6fd5f73b1a707e7cd876813422ae4bf9f0145c55c9c6a0f57/orjson-3.11.4-cp314-cp314-manylinux_2_17_i686.manylinux2014_i686.whl", hash = "sha256:d5c54a6d76e3d741dcc3f2707f8eeb9ba2a791d3adbf18f900219b62942803b1", size = 136597, upload-time = "2025-10-24T15:50:00.12Z" },
    { url = "https://files.pythonhosted.org/packages/32/78/4fa0aeca65ee82bbabb49e055bd03fa4edea33f7c080c5c7b9601661ef72/orjson-3.11.4-cp314-cp314-manylinux_2_17_ppc64le.manylinux2014_ppc64le.whl", hash = "sha256:f28485bdca8617b79d44627f5fb04336897041dfd9fa66d383a49d09d86798bc", size = 137515, upload-time = "2025-10-24T15:50:01.57Z" },
    { url = "https://files.pythonhosted.org/packages/c1/9d/0c102e26e7fde40c4c98470796d050a2ec1953897e2c8ab0cb95b0759fa2/orjson-3.11.4-cp314-cp314-manylinux_2_17_s390x.manylinux2014_s390x.whl", hash = "sha256:bfc2a484cad3585e4ba61985a6062a4c2ed5c7925db6d39f1fa267c9d166487f", size = 136703, upload-time = "2025-10-24T15:50:02.944Z" },
    { url = "https://files.pythonhosted.org/packages/df/ac/2de7188705b4cdfaf0b6c97d2f7849c17d2003232f6e70df98602173f788/orjson-3.11.4-cp314-cp314-manylinux_2_17_x86_64.manylinux2014_x86_64.whl", hash = "sha256:e34dbd508cb91c54f9c9788923daca129fe5b55c5b4eebe713bf5ed3791280cf", size = 136311, upload-time = "2025-10-24T15:50:04.441Z" },
    { url = "https://files.pythonhosted.org/packages/e0/52/847fcd1a98407154e944feeb12e3b4d487a0e264c40191fb44d1269cbaa1/orjson-3.11.4-cp314-cp314-musllinux_1_2_aarch64.whl", hash = "sha256:b13c478fa413d4b4ee606ec8e11c3b2e52683a640b006bb586b3041c2ca5f606", size = 140127, upload-time = "2025-10-24T15:50:07.398Z" },
    { url = "https://files.pythonhosted.org/packages/c1/ae/21d208f58bdb847dd4d0d9407e2929862561841baa22bdab7aea10ca088e/orjson-3.11.4-cp314-cp314-musllinux_1_2_armv7l.whl", hash = "sha256:724ca721ecc8a831b319dcd72cfa370cc380db0bf94537f08f7edd0a7d4e1780", size = 406201, upload-time = "2025-10-24T15:50:08.796Z" },
    { url = "https://files.pythonhosted.org/packages/8d/55/0789d6de386c8366059db098a628e2ad8798069e94409b0d8935934cbcb9/orjson-3.11.4-cp314-cp314-musllinux_1_2_i686.whl", hash = "sha256:977c393f2e44845ce1b540e19a786e9643221b3323dae190668a98672d43fb23", size = 149872, upload-time = "2025-10-24T15:50:10.234Z" },
    { url = "https://files.pythonhosted.org/packages/cc/1d/7ff81ea23310e086c17b41d78a72270d9de04481e6113dbe2ac19118f7fb/orjson-3.11.4-cp314-cp314-musllinux_1_2_x86_64.whl", hash = "sha256:1e539e382cf46edec157ad66b0b0872a90d829a6b71f17cb633d6c160a223155", size = 139931, upload-time = "2025-10-24T15:50:11.623Z" },
    { url = "https://files.pythonhosted.org/packages/77/92/25b886252c50ed64be68c937b562b2f2333b45afe72d53d719e46a565a50/orjson-3.11.4-cp314-cp314-win32.whl", hash = "sha256:d63076d625babab9db5e7836118bdfa086e60f37d8a174194ae720161eb12394", size = 136065, upload-time = "2025-10-24T15:50:13.025Z" },
    { url = "https://files.pythonhosted.org/packages/63/b8/718eecf0bb7e9d64e4956afaafd23db9f04c776d445f59fe94f54bdae8f0/orjson-3.11.4-cp314-cp314-win_amd64.whl", hash = "sha256:0a54d6635fa3aaa438ae32e8570b9f0de36f3f6562c308d2a2a452e8b0592db1", size = 131310, upload-time = "2025-10-24T15:50:14.46Z" },
    { url = "https://files.pythonhosted.org/packages/1a/bf/def5e25d4d8bfce296a9a7c8248109bf58622c21618b590678f945a2c59c/orjson-3.11.4-cp314-cp314-win_arm64.whl", hash = "sha256:78b999999039db3cf58f6d230f524f04f75f129ba3d1ca2ed121f8657e575d3d", size = 126151, upload-time = "2025-10-24T15:50:15.878Z" },
]

[[package]]
name = "protobuf"
version = "6.33.0"
source = { registry = "https://pypi.org/simple" }
sdist = { url = "https://files.pythonhosted.org/packages/19/ff/64a6c8f420818bb873713988ca5492cba3a7946be57e027ac63495157d97/protobuf-6.33.0.tar.gz", hash = "sha256:140303d5c8d2037730c548f8c7b93b20bb1dc301be280c378b82b8894589c954", size = 443463, upload-time = "2025-10-15T20:39:52.159Z" }
wheels = [
    { url = "https://files.pythonhosted.org/packages/7e/ee/52b3fa8feb6db4a833dfea4943e175ce645144532e8a90f72571ad85df4e/protobuf-6.33.0-cp310-abi3-win32.whl", hash = "sha256:d6101ded078042a8f17959eccd9236fb7a9ca20d3b0098bbcb91533a5680d035", size = 425593, upload-time = "2025-10-15T20:39:40.29Z" },
    { url = "https://files.pythonhosted.org/packages/7b/c6/7a465f1825872c55e0341ff4a80198743f73b69ce5d43ab18043699d1d81/protobuf-6.33.0-cp310-abi3-win_amd64.whl", hash = "sha256:9a031d10f703f03768f2743a1c403af050b6ae1f3480e9c140f39c45f81b13ee", size = 436882, upload-time = "2025-10-15T20:39:42.841Z" },
    { url = "https://files.pythonhosted.org/packages/e1/a9/b6eee662a6951b9c3640e8e452ab3e09f117d99fc10baa32d1581a0d4099/protobuf-6.33.0-cp39-abi3-macosx_10_9_universal2.whl", hash = "sha256:905b07a65f1a4b72412314082c7dbfae91a9e8b68a0cc1577515f8df58ecf455", size = 427521, upload-time = "2025-10-15T20:39:43.803Z" },
    { url = "https://files.pythonhosted.org/packages/10/35/16d31e0f92c6d2f0e77c2a3ba93185130ea13053dd16200a57434c882f2b/protobuf-6.33.0-cp39-abi3-manylinux2014_aarch64.whl", hash = "sha256:e0697ece353e6239b90ee43a9231318302ad8353c70e6e45499fa52396debf90", size = 324445, upload-time = "2025-10-15T20:39:44.932Z" },
    { url = "https://files.pythonhosted.org/packages/e6/eb/2a981a13e35cda8b75b5585aaffae2eb904f8f351bdd3870769692acbd8a/protobuf-6.33.0-cp39-abi3-manylinux2014_s390x.whl", hash = "sha256:e0a1715e4f27355afd9570f3ea369735afc853a6c3951a6afe1f80d8569ad298", size = 339159, upload-time = "2025-10-15T20:39:46.186Z" },
    { url = "https://files.pythonhosted.org/packages/21/51/0b1cbad62074439b867b4e04cc09b93f6699d78fd191bed2bbb44562e077/protobuf-6.33.0-cp39-abi3-manylinux2014_x86_64.whl", hash = "sha256:35be49fd3f4fefa4e6e2aacc35e8b837d6703c37a2168a55ac21e9b1bc7559ef", size = 323172, upload-time = "2025-10-15T20:39:47.465Z" },
    { url = "https://files.pythonhosted.org/packages/07/d1/0a28c21707807c6aacd5dc9c3704b2aa1effbf37adebd8caeaf68b17a636/protobuf-6.33.0-py3-none-any.whl", hash = "sha256:25c9e1963c6734448ea2d308cfa610e692b801304ba0908d7bfa564ac5132995", size = 170477, upload-time = "2025-10-15T20:39:51.311Z" },
]

[[package]]
name = "psycopg2-binary"
version = "2.9.11"
source = { registry = "https://pypi.org/simple" }
sdist = { url = "https://files.pythonhosted.org/packages/ac/6c/8767aaa597ba424643dc87348c6f1754dd9f48e80fdc1b9f7ca5c3a7c213/psycopg2-binary-2.9.11.tar.gz", hash = "sha256:b6aed9e096bf63f9e75edf2581aa9a7e7186d97ab5c177aa6c87797cd591236c", size = 379620, upload-time = "2025-10-10T11:14:48.041Z" }
wheels = [
    { url = "https://files.pythonhosted.org/packages/d8/91/f870a02f51be4a65987b45a7de4c2e1897dd0d01051e2b559a38fa634e3e/psycopg2_binary-2.9.11-cp312-cp312-macosx_10_13_x86_64.whl", hash = "sha256:be9b840ac0525a283a96b556616f5b4820e0526addb8dcf6525a0fa162730be4", size = 3756603, upload-time = "2025-10-10T11:11:52.213Z" },
    { url = "https://files.pythonhosted.org/packages/27/fa/cae40e06849b6c9a95eb5c04d419942f00d9eaac8d81626107461e268821/psycopg2_binary-2.9.11-cp312-cp312-macosx_11_0_arm64.whl", hash = "sha256:f090b7ddd13ca842ebfe301cd587a76a4cf0913b1e429eb92c1be5dbeb1a19bc", size = 3864509, upload-time = "2025-10-10T11:11:56.452Z" },
    { url = "https://files.pythonhosted.org/packages/2d/75/364847b879eb630b3ac8293798e380e441a957c53657995053c5ec39a316/psycopg2_binary-2.9.11-cp312-cp312-manylinux2014_aarch64.manylinux_2_17_aarch64.whl", hash = "sha256:ab8905b5dcb05bf3fb22e0cf90e10f469563486ffb6a96569e51f897c750a76a", size = 4411159, upload-time = "2025-10-10T11:12:00.49Z" },
    { url = "https://files.pythonhosted.org/packages/6f/a0/567f7ea38b6e1c62aafd58375665a547c00c608a471620c0edc364733e13/psycopg2_binary-2.9.11-cp312-cp312-manylinux2014_ppc64le.manylinux_2_17_ppc64le.whl", hash = "sha256:bf940cd7e7fec19181fdbc29d76911741153d51cab52e5c21165f3262125685e", size = 4468234, upload-time = "2025-10-10T11:12:04.892Z" },
    { url = "https://files.pythonhosted.org/packages/30/da/4e42788fb811bbbfd7b7f045570c062f49e350e1d1f3df056c3fb5763353/psycopg2_binary-2.9.11-cp312-cp312-manylinux2014_x86_64.manylinux_2_17_x86_64.whl", hash = "sha256:fa0f693d3c68ae925966f0b14b8edda71696608039f4ed61b1fe9ffa468d16db", size = 4166236, upload-time = "2025-10-10T11:12:11.674Z" },
    { url = "https://files.pythonhosted.org/packages/3c/94/c1777c355bc560992af848d98216148be5f1be001af06e06fc49cbded578/psycopg2_binary-2.9.11-cp312-cp312-manylinux_2_38_riscv64.manylinux_2_39_riscv64.whl", hash = "sha256:a1cf393f1cdaf6a9b57c0a719a1068ba1069f022a59b8b1fe44b006745b59757", size = 3983083, upload-time = "2025-10-30T02:55:15.73Z" },
    { url = "https://files.pythonhosted.org/packages/bd/42/c9a21edf0e3daa7825ed04a4a8588686c6c14904344344a039556d78aa58/psycopg2_binary-2.9.11-cp312-cp312-musllinux_1_2_aarch64.whl", hash = "sha256:ef7a6beb4beaa62f88592ccc65df20328029d721db309cb3250b0aae0fa146c3", size = 3652281, upload-time = "2025-10-10T11:12:17.713Z" },
    { url = "https://files.pythonhosted.org/packages/12/22/dedfbcfa97917982301496b6b5e5e6c5531d1f35dd2b488b08d1ebc52482/psycopg2_binary-2.9.11-cp312-cp312-musllinux_1_2_ppc64le.whl", hash = "sha256:31b32c457a6025e74d233957cc9736742ac5a6cb196c6b68499f6bb51390bd6a", size = 3298010, upload-time = "2025-10-10T11:12:22.671Z" },
    { url = "https://files.pythonhosted.org/packages/66/ea/d3390e6696276078bd01b2ece417deac954dfdd552d2edc3d03204416c0c/psycopg2_binary-2.9.11-cp312-cp312-musllinux_1_2_riscv64.whl", hash = "sha256:edcb3aeb11cb4bf13a2af3c53a15b3d612edeb6409047ea0b5d6a21a9d744b34", size = 3044641, upload-time = "2025-10-30T02:55:19.929Z" },
    { url = "https://files.pythonhosted.org/packages/12/9a/0402ded6cbd321da0c0ba7d34dc12b29b14f5764c2fc10750daa38e825fc/psycopg2_binary-2.9.11-cp312-cp312-musllinux_1_2_x86_64.whl", hash = "sha256:62b6d93d7c0b61a1dd6197d208ab613eb7dcfdcca0a49c42ceb082257991de9d", size = 3347940, upload-time = "2025-10-10T11:12:26.529Z" },
    { url = "https://files.pythonhosted.org/packages/b1/d2/99b55e85832ccde77b211738ff3925a5d73ad183c0b37bcbbe5a8ff04978/psycopg2_binary-2.9.11-cp312-cp312-win_amd64.whl", hash = "sha256:b33fabeb1fde21180479b2d4667e994de7bbf0eec22832ba5d9b5e4cf65b6c6d", size = 2714147, upload-time = "2025-10-10T11:12:29.535Z" },
    { url = "https://files.pythonhosted.org/packages/ff/a8/a2709681b3ac11b0b1786def10006b8995125ba268c9a54bea6f5ae8bd3e/psycopg2_binary-2.9.11-cp313-cp313-macosx_10_13_x86_64.whl", hash = "sha256:b8fb3db325435d34235b044b199e56cdf9ff41223a4b9752e8576465170bb38c", size = 3756572, upload-time = "2025-10-10T11:12:32.873Z" },
    { url = "https://files.pythonhosted.org/packages/62/e1/c2b38d256d0dafd32713e9f31982a5b028f4a3651f446be70785f484f472/psycopg2_binary-2.9.11-cp313-cp313-macosx_11_0_arm64.whl", hash = "sha256:366df99e710a2acd90efed3764bb1e28df6c675d33a7fb40df9b7281694432ee", size = 3864529, upload-time = "2025-10-10T11:12:36.791Z" },
    { url = "https://files.pythonhosted.org/packages/11/32/b2ffe8f3853c181e88f0a157c5fb4e383102238d73c52ac6d93a5c8bffe6/psycopg2_binary-2.9.11-cp313-cp313-manylinux2014_aarch64.manylinux_2_17_aarch64.whl", hash = "sha256:8c55b385daa2f92cb64b12ec4536c66954ac53654c7f15a203578da4e78105c0", size = 4411242, upload-time = "2025-10-10T11:12:42.388Z" },
    { url = "https://files.pythonhosted.org/packages/10/04/6ca7477e6160ae258dc96f67c371157776564679aefd247b66f4661501a2/psycopg2_binary-2.9.11-cp313-cp313-manylinux2014_ppc64le.manylinux_2_17_ppc64le.whl", hash = "sha256:c0377174bf1dd416993d16edc15357f6eb17ac998244cca19bc67cdc0e2e5766", size = 4468258, upload-time = "2025-10-10T11:12:48.654Z" },
    { url = "https://files.pythonhosted.org/packages/3c/7e/6a1a38f86412df101435809f225d57c1a021307dd0689f7a5e7fe83588b1/psycopg2_binary-2.9.11-cp313-cp313-manylinux2014_x86_64.manylinux_2_17_x86_64.whl", hash = "sha256:5c6ff3335ce08c75afaed19e08699e8aacf95d4a260b495a4a8545244fe2ceb3", size = 4166295, upload-time = "2025-10-10T11:12:52.525Z" },
    { url = "https://files.pythonhosted.org/packages/f2/7d/c07374c501b45f3579a9eb761cbf2604ddef3d96ad48679112c2c5aa9c25/psycopg2_binary-2.9.11-cp313-cp313-manylinux_2_38_riscv64.manylinux_2_39_riscv64.whl", hash = "sha256:84011ba3109e06ac412f95399b704d3d6950e386b7994475b231cf61eec2fc1f", size = 3983133, upload-time = "2025-10-30T02:55:24.329Z" },
    { url = "https://files.pythonhosted.org/packages/82/56/993b7104cb8345ad7d4516538ccf8f0d0ac640b1ebd8c754a7b024e76878/psycopg2_binary-2.9.11-cp313-cp313-musllinux_1_2_aarch64.whl", hash = "sha256:ba34475ceb08cccbdd98f6b46916917ae6eeb92b5ae111df10b544c3a4621dc4", size = 3652383, upload-time = "2025-10-10T11:12:56.387Z" },
    { url = "https://files.pythonhosted.org/packages/2d/ac/eaeb6029362fd8d454a27374d84c6866c82c33bfc24587b4face5a8e43ef/psycopg2_binary-2.9.11-cp313-cp313-musllinux_1_2_ppc64le.whl", hash = "sha256:b31e90fdd0f968c2de3b26ab014314fe814225b6c324f770952f7d38abf17e3c", size = 3298168, upload-time = "2025-10-10T11:13:00.403Z" },
    { url = "https://files.pythonhosted.org/packages/2b/39/50c3facc66bded9ada5cbc0de867499a703dc6bca6be03070b4e3b65da6c/psycopg2_binary-2.9.11-cp313-cp313-musllinux_1_2_riscv64.whl", hash = "sha256:d526864e0f67f74937a8fce859bd56c979f5e2ec57ca7c627f5f1071ef7fee60", size = 3044712, upload-time = "2025-10-30T02:55:27.975Z" },
    { url = "https://files.pythonhosted.org/packages/9c/8e/b7de019a1f562f72ada81081a12823d3c1590bedc48d7d2559410a2763fe/psycopg2_binary-2.9.11-cp313-cp313-musllinux_1_2_x86_64.whl", hash = "sha256:04195548662fa544626c8ea0f06561eb6203f1984ba5b4562764fbeb4c3d14b1", size = 3347549, upload-time = "2025-10-10T11:13:03.971Z" },
    { url = "https://files.pythonhosted.org/packages/80/2d/1bb683f64737bbb1f86c82b7359db1eb2be4e2c0c13b947f80efefa7d3e5/psycopg2_binary-2.9.11-cp313-cp313-win_amd64.whl", hash = "sha256:efff12b432179443f54e230fdf60de1f6cc726b6c832db8701227d089310e8aa", size = 2714215, upload-time = "2025-10-10T11:13:07.14Z" },
    { url = "https://files.pythonhosted.org/packages/64/12/93ef0098590cf51d9732b4f139533732565704f45bdc1ffa741b7c95fb54/psycopg2_binary-2.9.11-cp314-cp314-macosx_10_13_x86_64.whl", hash = "sha256:92e3b669236327083a2e33ccfa0d320dd01b9803b3e14dd986a4fc54aa00f4e1", size = 3756567, upload-time = "2025-10-10T11:13:11.885Z" },
    { url = "https://files.pythonhosted.org/packages/7c/a9/9d55c614a891288f15ca4b5209b09f0f01e3124056924e17b81b9fa054cc/psycopg2_binary-2.9.11-cp314-cp314-macosx_11_0_arm64.whl", hash = "sha256:e0deeb03da539fa3577fcb0b3f2554a97f7e5477c246098dbb18091a4a01c16f", size = 3864755, upload-time = "2025-10-10T11:13:17.727Z" },
    { url = "https://files.pythonhosted.org/packages/13/1e/98874ce72fd29cbde93209977b196a2edae03f8490d1bd8158e7f1daf3a0/psycopg2_binary-2.9.11-cp314-cp314-manylinux2014_aarch64.manylinux_2_17_aarch64.whl", hash = "sha256:9b52a3f9bb540a3e4ec0f6ba6d31339727b2950c9772850d6545b7eae0b9d7c5", size = 4411646, upload-time = "2025-10-10T11:13:24.432Z" },
    { url = "https://files.pythonhosted.org/packages/5a/bd/a335ce6645334fb8d758cc358810defca14a1d19ffbc8a10bd38a2328565/psycopg2_binary-2.9.11-cp314-cp314-manylinux2014_ppc64le.manylinux_2_17_ppc64le.whl", hash = "sha256:db4fd476874ccfdbb630a54426964959e58da4c61c9feba73e6094d51303d7d8", size = 4468701, upload-time = "2025-10-10T11:13:29.266Z" },
    { url = "https://files.pythonhosted.org/packages/44/d6/c8b4f53f34e295e45709b7568bf9b9407a612ea30387d35eb9fa84f269b4/psycopg2_binary-2.9.11-cp314-cp314-manylinux2014_x86_64.manylinux_2_17_x86_64.whl", hash = "sha256:47f212c1d3be608a12937cc131bd85502954398aaa1320cb4c14421a0ffccf4c", size = 4166293, upload-time = "2025-10-10T11:13:33.336Z" },
    { url = "https://files.pythonhosted.org/packages/4b/e0/f8cc36eadd1b716ab36bb290618a3292e009867e5c97ce4aba908cb99644/psycopg2_binary-2.9.11-cp314-cp314-manylinux_2_38_riscv64.manylinux_2_39_riscv64.whl", hash = "sha256:e35b7abae2b0adab776add56111df1735ccc71406e56203515e228a8dc07089f", size = 3983184, upload-time = "2025-10-30T02:55:32.483Z" },
    { url = "https://files.pythonhosted.org/packages/53/3e/2a8fe18a4e61cfb3417da67b6318e12691772c0696d79434184a511906dc/psycopg2_binary-2.9.11-cp314-cp314-musllinux_1_2_aarch64.whl", hash = "sha256:fcf21be3ce5f5659daefd2b3b3b6e4727b028221ddc94e6c1523425579664747", size = 3652650, upload-time = "2025-10-10T11:13:38.181Z" },
    { url = "https://files.pythonhosted.org/packages/76/36/03801461b31b29fe58d228c24388f999fe814dfc302856e0d17f97d7c54d/psycopg2_binary-2.9.11-cp314-cp314-musllinux_1_2_ppc64le.whl", hash = "sha256:9bd81e64e8de111237737b29d68039b9c813bdf520156af36d26819c9a979e5f", size = 3298663, upload-time = "2025-10-10T11:13:44.878Z" },
    { url = "https://files.pythonhosted.org/packages/97/77/21b0ea2e1a73aa5fa9222b2a6b8ba325c43c3a8d54272839c991f2345656/psycopg2_binary-2.9.11-cp314-cp314-musllinux_1_2_riscv64.whl", hash = "sha256:32770a4d666fbdafab017086655bcddab791d7cb260a16679cc5a7338b64343b", size = 3044737, upload-time = "2025-10-30T02:55:35.69Z" },
    { url = "https://files.pythonhosted.org/packages/67/69/f36abe5f118c1dca6d3726ceae164b9356985805480731ac6712a63f24f0/psycopg2_binary-2.9.11-cp314-cp314-musllinux_1_2_x86_64.whl", hash = "sha256:c3cb3a676873d7506825221045bd70e0427c905b9c8ee8d6acd70cfcbd6e576d", size = 3347643, upload-time = "2025-10-10T11:13:53.499Z" },
    { url = "https://files.pythonhosted.org/packages/e1/36/9c0c326fe3a4227953dfb29f5d0c8ae3b8eb8c1cd2967aa569f50cb3c61f/psycopg2_binary-2.9.11-cp314-cp314-win_amd64.whl", hash = "sha256:4012c9c954dfaccd28f94e84ab9f94e12df76b4afb22331b1f0d3154893a6316", size = 2803913, upload-time = "2025-10-10T11:13:57.058Z" },
]

[[package]]
name = "python"
version = "0.1.0"
source = { virtual = "." }
dependencies = [
    { name = "confluent-kafka" },
    { name = "fire" },
    { name = "httpx" },
    { name = "orjson" },
    { name = "protobuf" },
    { name = "psycopg2-binary" },
]

[package.dev-dependencies]
dev = [
    { name = "ty" },
]

[package.metadata]
requires-dist = [
    { name = "confluent-kafka", specifier = ">=2.12.1" },
    { name = "fire", specifier = ">=0.7.1" },
    { name = "httpx", specifier = ">=0.28.1" },
    { name = "orjson", specifier = ">=3.11.4" },
    { name = "protobuf", specifier = ">=6.33.0" },
    { name = "psycopg2-binary", specifier = ">=2.9.11" },
]

[package.metadata.requires-dev]
dev = [{ name = "ty", specifier = ">=0.0.1a23" }]

[[package]]
name = "sniffio"
version = "1.3.1"
source = { registry = "https://pypi.org/simple" }
sdist = { url = "https://files.pythonhosted.org/packages/a2/87/a6771e1546d97e7e041b6ae58d80074f81b7d5121207425c964ddf5cfdbd/sniffio-1.3.1.tar.gz", hash = "sha256:f4324edc670a0f49750a81b895f35c3adb843cca46f0530f79fc1babb23789dc", size = 20372, upload-time = "2024-02-25T23:20:04.057Z" }
wheels = [
    { url = "https://files.pythonhosted.org/packages/e9/44/75a9c9421471a6c4805dbf2356f7c181a29c1879239abab1ea2cc8f38b40/sniffio-1.3.1-py3-none-any.whl", hash = "sha256:2f6da418d1f1e0fddd844478f41680e794e6051915791a034ff65e5f100525a2", size = 10235, upload-time = "2024-02-25T23:20:01.196Z" },
]

[[package]]
name = "termcolor"
version = "3.2.0"
source = { registry = "https://pypi.org/simple" }
sdist = { url = "https://files.pythonhosted.org/packages/87/56/ab275c2b56a5e2342568838f0d5e3e66a32354adcc159b495e374cda43f5/termcolor-3.2.0.tar.gz", hash = "sha256:610e6456feec42c4bcd28934a8c87a06c3fa28b01561d46aa09a9881b8622c58", size = 14423, upload-time = "2025-10-25T19:11:42.586Z" }
wheels = [
    { url = "https://files.pythonhosted.org/packages/f9/d5/141f53d7c1eb2a80e6d3e9a390228c3222c27705cbe7f048d3623053f3ca/termcolor-3.2.0-py3-none-any.whl", hash = "sha256:a10343879eba4da819353c55cb8049b0933890c2ebf9ad5d3ecd2bb32ea96ea6", size = 7698, upload-time = "2025-10-25T19:11:41.536Z" },
]

[[package]]
name = "ty"
version = "0.0.1a25"
source = { registry = "https://pypi.org/simple" }
sdist = { url = "https://files.pythonhosted.org/packages/f6/6b/e73bc3c1039ea72936158a08313155a49e5aa5e7db5205a149fe516a4660/ty-0.0.1a25.tar.gz", hash = "sha256:5550b24b9dd0e0f8b4b2c1f0fcc608a55d0421dd67b6c364bc7bf25762334511", size = 4403670, upload-time = "2025-10-29T19:40:23.647Z" }
wheels = [
    { url = "https://files.pythonhosted.org/packages/8f/3b/4457231238a2eeb04cba4ba7cc33d735be68ee46ca40a98ae30e187de864/ty-0.0.1a25-py3-none-linux_armv6l.whl", hash = "sha256:d35b2c1f94a014a22875d2745aa0432761d2a9a8eb7212630d5caf547daeef6d", size = 8878803, upload-time = "2025-10-29T19:39:42.243Z" },
    { url = "https://files.pythonhosted.org/packages/8a/fa/a328713dd310018fc7a381693d8588185baa2fdae913e01a6839187215df/ty-0.0.1a25-py3-none-macosx_10_12_x86_64.whl", hash = "sha256:192edac94675a468bac7f6e04687a77a64698e4e1fe01f6a048bf9b6dde5b703", size = 8695667, upload-time = "2025-10-29T19:39:45.179Z" },
    { url = "https://files.pythonhosted.org/packages/22/e8/5707939118992ced2bf5385adc3ede7723c1b717b07ad14c495eea1e47b4/ty-0.0.1a25-py3-none-macosx_11_0_arm64.whl", hash = "sha256:949523621f336e01bc7d687b7bd08fe838edadbdb6563c2c057ed1d264e820cf", size = 8159012, upload-time = "2025-10-29T19:39:47.011Z" },
    { url = "https://files.pythonhosted.org/packages/eb/fb/ff313aa71602225cd78f1bce3017713d6d1b1c1e0fa8101ead4594a60d95/ty-0.0.1a25-py3-none-manylinux_2_17_aarch64.manylinux2014_aarch64.whl", hash = "sha256:94f78f621458c05e59e890061021198197f29a7b51a33eda82bbb036e7ed73d7", size = 8433675, upload-time = "2025-10-29T19:39:48.443Z" },
    { url = "https://files.pythonhosted.org/packages/c0/8d/cc7e7fb57215a15b575a43ed042bdd92971871e0decec1b26d2e7d969465/ty-0.0.1a25-py3-none-manylinux_2_17_armv7l.manylinux2014_armv7l.whl", hash = "sha256:d9656fca8062a2c6709c30d76d662c96d2e7dbfee8f70e55ec6b6afd67b5d447", size = 8668456, upload-time = "2025-10-29T19:39:50.412Z" },
    { url = "https://files.pythonhosted.org/packages/b8/6d/d7bf5909ed2dcdcbc1e2ca7eea80929893e2d188d9c36b3fcb2b36532ff6/ty-0.0.1a25-py3-none-manylinux_2_17_i686.manylinux2014_i686.whl", hash = "sha256:a9f3bbf523b49935bbd76e230408d858dce0d614f44f5807bbbd0954f64e0f01", size = 9023543, upload-time = "2025-10-29T19:39:52.292Z" },
    { url = "https://files.pythonhosted.org/packages/b4/b8/72bcefb4be32e5a84f0b21de2552f16cdb4cae3eb271ac891c8199c26b1a/ty-0.0.1a25-py3-none-manylinux_2_17_ppc64.manylinux2014_ppc64.whl", hash = "sha256:f13ea9815f4a54a0a303ca7bf411b0650e3c2a24fc6c7889ffba2c94f5e97a6a", size = 9700013, upload-time = "2025-10-29T19:39:57.283Z" },
    { url = "https://files.pythonhosted.org/packages/90/0d/cf7e794b840cf6b0bbecb022e593c543f85abad27a582241cf2095048cb1/ty-0.0.1a25-py3-none-manylinux_2_17_ppc64le.manylinux2014_ppc64le.whl", hash = "sha256:eab6e33ebe202a71a50c3d5a5580e3bc1a85cda3ffcdc48cec3f1c693b7a873b", size = 9372574, upload-time = "2025-10-29T19:40:04.532Z" },
    { url = "https://files.pythonhosted.org/packages/1e/71/2d35e7d51b48eabd330e2f7b7e0bce541cbd95950c4d2f780e85f3366af1/ty-0.0.1a25-py3-none-manylinux_2_17_s390x.manylinux2014_s390x.whl", hash = "sha256:f6b9a31da43424cdab483703a54a561b93aabba84630788505329fc5294a9c62", size = 9535726, upload-time = "2025-10-29T19:40:06.548Z" },
    { url = "https://files.pythonhosted.org/packages/57/d3/01ecc23bbd8f3e0dfbcf9172d06d84e88155c5f416f1491137e8066fd859/ty-0.0.1a25-py3-none-manylinux_2_17_x86_64.manylinux2014_x86_64.whl", hash = "sha256:0a90d897a7c1a5ae9b41a4c7b0a42262a06361476ad88d783dbedd7913edadbc", size = 9003380, upload-time = "2025-10-29T19:40:08.683Z" },
    { url = "https://files.pythonhosted.org/packages/de/f9/cde9380d8a1a6ca61baeb9aecb12cbec90d489aa929be55cd78ad5c2ccd9/ty-0.0.1a25-py3-none-musllinux_1_2_aarch64.whl", hash = "sha256:93c7e7ab2859af0f866d34d27f4ae70dd4fb95b847387f082de1197f9f34e068", size = 8401833, upload-time = "2025-10-29T19:40:10.627Z" },
    { url = "https://files.pythonhosted.org/packages/0b/39/0acf3625b0c495011795a391016b572f97a812aca1d67f7a76621fdb9ebf/ty-0.0.1a25-py3-none-musllinux_1_2_armv7l.whl", hash = "sha256:4a247061bd32bae3865a236d7f8b6c9916c80995db30ae1600999010f90623a9", size = 8706761, upload-time = "2025-10-29T19:40:12.575Z" },
    { url = "https://files.pythonhosted.org/packages/25/73/7de1648f3563dd9d416d36ab5f1649bfd7b47a179135027f31d44b89a246/ty-0.0.1a25-py3-none-musllinux_1_2_i686.whl", hash = "sha256:1711dd587eccf04fd50c494dc39babe38f4cb345bc3901bf1d8149cac570e979", size = 8792426, upload-time = "2025-10-29T19:40:14.553Z" },
    { url = "https://files.pythonhosted.org/packages/7d/8a/b6e761a65eac7acd10b2e452f49b2d8ae0ea163ca36bb6b18b2dadae251b/ty-0.0.1a25-py3-none-musllinux_1_2_x86_64.whl", hash = "sha256:5f4c9b0cf7995e2e3de9bab4d066063dea92019f2f62673b7574e3612643dd35", size = 9103991, upload-time = "2025-10-29T19:40:16.332Z" },
    { url = "https://files.pythonhosted.org/packages/e4/25/9324ae947fcc4322470326cf8276a3fc2f08dc82adec1de79d963fdf7af5/ty-0.0.1a25-py3-none-win32.whl", hash = "sha256:168fc8aee396d617451acc44cd28baffa47359777342836060c27aa6f37e2445", size = 8387095, upload-time = "2025-10-29T19:40:18.368Z" },
    { url = "https://files.pythonhosted.org/packages/3b/2b/cb12cbc7db1ba310aa7b1de9b4e018576f653105993736c086ee67d2ec02/ty-0.0.1a25-py3-none-win_amd64.whl", hash = "sha256:a2fad3d8e92bb4d57a8872a6f56b1aef54539d36f23ebb01abe88ac4338efafb", size = 9059225, upload-time = "2025-10-29T19:40:20.278Z" },
    { url = "https://files.pythonhosted.org/packages/2f/c1/f6be8cdd0bf387c1d8ee9d14bb299b7b5d2c0532f550a6693216a32ec0c5/ty-0.0.1a25-py3-none-win_arm64.whl", hash = "sha256:dde2962d448ed87c48736e9a4bb13715a4cced705525e732b1c0dac1d4c66e3d", size = 8536832, upload-time = "2025-10-29T19:40:22.014Z" },
]

[[package]]
name = "typing-extensions"
version = "4.15.0"
source = { registry = "https://pypi.org/simple" }
sdist = { url = "https://files.pythonhosted.org/packages/72/94/1a15dd82efb362ac84269196e94cf00f187f7ed21c242792a923cdb1c61f/typing_extensions-4.15.0.tar.gz", hash = "sha256:0cea48d173cc12fa28ecabc3b837ea3cf6f38c6d1136f85cbaaf598984861466", size = 109391, upload-time = "2025-08-25T13:49:26.313Z" }
wheels = [
    { url = "https://files.pythonhosted.org/packages/18/67/36e9267722cc04a6b9f15c7f3441c2363321a3ea07da7ae0c0707beb2a9c/typing_extensions-4.15.0-py3-none-any.whl", hash = "sha256:f0fa19c6845758ab08074a0cfa8b7aecb71c999ca73d62883bc25cc018c4e548", size = 44614, upload-time = "2025-08-25T13:49:24.86Z" },
]
